
Microsoft Visual Studio Solution File, Format Version 12.00
# Visual Studio Version 17
VisualStudioVersion = 17.3.32825.248
MinimumVisualStudioVersion = 10.0.40219.1
Project("{9A19103F-16F7-4668-BE54-9A1E7A4F7556}") = "Service1", "Service1\Service1.csproj", "{B4DDF90D-9493-479F-8C0B-16F7C8C8A5A9}"
EndProject
Project("{FAE04EC0-301F-11D3-BF4B-00C04F79EFBC}") = "Service2", "Service2\Service2.csproj", "{91553530-14C6-46A4-8A25-59A3D33C7368}"
EndProject
Global
	GlobalSection(SolutionConfigurationPlatforms) = preSolution
		Debug|Any CPU = Debug|Any CPU
		Release|Any CPU = Release|Any CPU
	EndGlobalSection
	GlobalSection(ProjectConfigurationPlatforms) = postSolution
		{B4DDF90D-9493-479F-8C0B-16F7C8C8A5A9}.Debug|Any CPU.ActiveCfg = Debug|Any CPU
		{B4DDF90D-9493-479F-8C0B-16F7C8C8A5A9}.Debug|Any CPU.Build.0 = Debug|Any CPU
		{B4DDF90D-9493-479F-8C0B-16F7C8C8A5A9}.Release|Any CPU.ActiveCfg = Release|Any CPU
		{B4DDF90D-9493-479F-8C0B-16F7C8C8A5A9}.Release|Any CPU.Build.0 = Release|Any CPU
		{91553530-14C6-46A4-8A25-59A3D33C7368}.Debug|Any CPU.ActiveCfg = Debug|Any CPU
		{91553530-14C6-46A4-8A25-59A3D33C7368}.Debug|Any CPU.Build.0 = Debug|Any CPU
		{91553530-14C6-46A4-8A25-59A3D33C7368}.Release|Any CPU.ActiveCfg = Release|Any CPU
		{91553530-14C6-46A4-8A25-59A3D33C7368}.Release|Any CPU.Build.0 = Release|Any CPU
	EndGlobalSection
	GlobalSection(SolutionProperties) = preSolution
		HideSolutionNode = FALSE
	EndGlobalSection
	GlobalSection(ExtensibilityGlobals) = postSolution
		SolutionGuid = {C35BB02B-5D93-4942-BA52-58D49E340C9A}
	EndGlobalSection
EndGlobal
